
Microsoft Visual Studio Solution File, Format Version 12.00
# Visual Studio Version 17
VisualStudioVersion = 17.7.34024.191
MinimumVisualStudioVersion = 10.0.40219.1
Project("{FAE04EC0-301F-11D3-BF4B-00C04F79EFBC}") = "MyButikk", "MyButikk\MyButikk.csproj", "{10775FD2-D195-4502-A551-886505DD5340}"
EndProject
Global
	GlobalSection(SolutionConfigurationPlatforms) = preSolution
		Debug|Any CPU = Debug|Any CPU
		Release|Any CPU = Release|Any CPU
	EndGlobalSection
	GlobalSection(ProjectConfigurationPlatforms) = postSolution
		{10775FD2-D195-4502-A551-886505DD5340}.Debug|Any CPU.ActiveCfg = Debug|Any CPU
		{10775FD2-D195-4502-A551-886505DD5340}.Debug|Any CPU.Build.0 = Debug|Any CPU
		{10775FD2-D195-4502-A551-886505DD5340}.Release|Any CPU.ActiveCfg = Release|Any CPU
		{10775FD2-D195-4502-A551-886505DD5340}.Release|Any CPU.Build.0 = Release|Any CPU
	EndGlobalSection
	GlobalSection(SolutionProperties) = preSolution
		HideSolutionNode = FALSE
	EndGlobalSection
	GlobalSection(ExtensibilityGlobals) = postSolution
		SolutionGuid = {0639B286-972D-4A41-8BCA-208F69E20CFF}
	EndGlobalSection
EndGlobal
